// !$*UTF8*$!
{
	archiveVersion = 1;
	classes = {
	};
	objectVersion = 77;
	objects = {

/* Begin PBXBuildFile section */
		29B323862F812C93000A72FD /* libsfml-graphics.3.0.2.dylib in Frameworks */ = {isa = PBXBuildFile; fileRef = 29B323852F812C93000A72FD /* libsfml-graphics.3.0.2.dylib */; };
		29B323882F812C9F000A72FD /* libsfml-window.3.0.2.dylib in Frameworks */ = {isa = PBXBuildFile; fileRef = 29B323872F812C9F000A72FD /* libsfml-window.3.0.2.dylib */; };
		29B3238A2F812CE5000A72FD /* libsfml-system.3.0.2.dylib in Frameworks */ = {isa = PBXBuildFile; fileRef = 29B323892F812CE5000A72FD /* libsfml-system.3.0.2.dylib */; };
/* End PBXBuildFile section */

/* Begin PBXCopyFilesBuildPhase section */
		29B323782F8129AE000A72FD /* CopyFiles */ = {
			isa = PBXCopyFilesBuildPhase;
			buildActionMask = 2147483647;
			dstPath = /usr/share/man/man1/;
			dstSubfolderSpec = 0;
			files = (
			);
			runOnlyForDeploymentPostprocessing = 1;
		};
/* End PBXCopyFilesBuildPhase section */

/* Begin PBXFileReference section */
		29B3237A2F8129AE000A72FD /* Homeworksfml */ = {isa = PBXFileReference; explicitFileType = "compiled.mach-o.executable"; includeInIndex = 0; path = Homeworksfml; sourceTree = BUILT_PRODUCTS_DIR; };
		29B323852F812C93000A72FD /* libsfml-graphics.3.0.2.dylib */ = {isa = PBXFileReference; lastKnownFileType = "compiled.mach-o.dylib"; name = "libsfml-graphics.3.0.2.dylib"; path = "../../../../../../opt/homebrew/Cellar/sfml/3.0.2/lib/libsfml-graphics.3.0.2.dylib"; sourceTree = "<group>"; };
		29B323872F812C9F000A72FD /* libsfml-window.3.0.2.dylib */ = {isa = PBXFileReference; lastKnownFileType = "compiled.mach-o.dylib"; name = "libsfml-window.3.0.2.dylib"; path = "../../../../../../opt/homebrew/Cellar/sfml/3.0.2/lib/libsfml-window.3.0.2.dylib"; sourceTree = "<group>"; };
		29B323892F812CE5000A72FD /* libsfml-system.3.0.2.dylib */ = {isa = PBXFileReference; lastKnownFileType = "compiled.mach-o.dylib"; name = "libsfml-system.3.0.2.dylib"; path = "../../../../../../opt/homebrew/Cellar/sfml/3.0.2/lib/libsfml-system.3.0.2.dylib"; sourceTree = "<group>"; };
		29B333512F81318A000A72FD /* Vorbis.xcodeproj */ = {isa = PBXFileReference; lastKnownFileType = "wrapper.pb-project"; path = Vorbis.xcodeproj; sourceTree = "<group>"; };
/* End PBXFileReference section */

/* Begin PBXFileSystemSynchronizedRootGroup section */
		29B3237C2F8129AE000A72FD /* Homeworksfml */ = {
			isa = PBXFileSystemSynchronizedRootGroup;
			path = Homeworksfml;
			sourceTree = "<group>";
		};
/* End PBXFileSystemSynchronizedRootGroup section */

/* Begin PBXFrameworksBuildPhase section */
		29B323772F8129AE000A72FD /* Frameworks */ = {
			isa = PBXFrameworksBuildPhase;
			buildActionMask = 2147483647;
			files = (
				29B3238A2F812CE5000A72FD /* libsfml-system.3.0.2.dylib in Frameworks */,
				29B323862F812C93000A72FD /* libsfml-graphics.3.0.2.dylib in Frameworks */,
				29B323882F812C9F000A72FD /* libsfml-window.3.0.2.dylib in Frameworks */,
			);
			runOnlyForDeploymentPostprocessing = 0;
		};
/* End PBXFrameworksBuildPhase section */

/* Begin PBXGroup section */
		29B323712F8129AE000A72FD = {
			isa = PBXGroup;
			children = (
				29B3237C2F8129AE000A72FD /* Homeworksfml */,
				29B323842F812C92000A72FD /* Frameworks */,
				29B3237B2F8129AE000A72FD /* Products */,
			);
			sourceTree = "<group>";
		};
		29B3237B2F8129AE000A72FD /* Products */ = {
			isa = PBXGroup;
			children = (
				29B3237A2F8129AE000A72FD /* Homeworksfml */,
			);
			name = Products;
			sourceTree = "<group>";
		};
		29B323842F812C92000A72FD /* Frameworks */ = {
			isa = PBXGroup;
			children = (
				29B323892F812CE5000A72FD /* libsfml-system.3.0.2.dylib */,
				29B323872F812C9F000A72FD /* libsfml-window.3.0.2.dylib */,
				29B323852F812C93000A72FD /* libsfml-graphics.3.0.2.dylib */,
			);
			name = Frameworks;
			sourceTree = "<group>";
		};
		29B333CA2F81318A000A72FD /* Products */ = {
			isa = PBXGroup;
			children = (
			);
			name = Products;
			sourceTree = "<group>";
		};
/* End PBXGroup section */

/* Begin PBXNativeTarget section */
		29B323792F8129AE000A72FD /* Homeworksfml */ = {
			isa = PBXNativeTarget;
			buildConfigurationList = 29B323812F8129AE000A72FD /* Build configuration list for PBXNativeTarget "Homeworksfml" */;
			buildPhases = (
				29B323762F8129AE000A72FD /* Sources */,
				29B323772F8129AE000A72FD /* Frameworks */,
				29B323782F8129AE000A72FD /* CopyFiles */,
			);
			buildRules = (
			);
			dependencies = (
			);
			fileSystemSynchronizedGroups = (
				29B3237C2F8129AE000A72FD /* Homeworksfml */,
			);
			name = Homeworksfml;
			packageProductDependencies = (
			);
			productName = Homeworksfml;
			productReference = 29B3237A2F8129AE000A72FD /* Homeworksfml */;
			productType = "com.apple.product-type.tool";
		};
/* End PBXNativeTarget section */

/* Begin PBXProject section */
		29B323722F8129AE000A72FD /* Project object */ = {
			isa = PBXProject;
			attributes = {
				BuildIndependentTargetsInParallel = 1;
				LastUpgradeCheck = 2640;
				TargetAttributes = {
					29B323792F8129AE000A72FD = {
						CreatedOnToolsVersion = 26.4;
					};
				};
			};
			buildConfigurationList = 29B323752F8129AE000A72FD /* Build configuration list for PBXProject "Homeworksfml" */;
			developmentRegion = en;
			hasScannedForEncodings = 0;
			knownRegions = (
				en,
				Base,
				English,
			);
			mainGroup = 29B323712F8129AE000A72FD;
			minimizedProjectReferenceProxies = 1;
			preferredProjectObjectVersion = 77;
			productRefGroup = 29B3237B2F8129AE000A72FD /* Products */;
			projectDirPath = "";
			projectReferences = (
				{
					ProductGroup = 29B333CA2F81318A000A72FD /* Products */;
					ProjectRef = 29B333512F81318A000A72FD /* Vorbis.xcodeproj */;
				},
			);
			projectRoot = "";
			targets = (
				29B323792F8129AE000A72FD /* Homeworksfml */,
			);
		};
/* End PBXProject section */

/* Begin PBXSourcesBuildPhase section */
		29B323762F8129AE000A72FD /* Sources */ = {
			isa = PBXSourcesBuildPhase;
			buildActionMask = 2147483647;
			files = (
			);
			runOnlyForDeploymentPostprocessing = 0;
		};
/* End PBXSourcesBuildPhase section */

/* Begin XCBuildConfiguration section */
		29B3237F2F8129AE000A72FD /* Debug */ = {
			isa = XCBuildConfiguration;
			buildSettings = {
				ALWAYS_SEARCH_USER_PATHS = NO;
				ASSETCATALOG_COMPILER_GENERATE_SWIFT_ASSET_SYMBOL_EXTENSIONS = YES;
				CLANG_ANALYZER_NONNULL = YES;
				CLANG_ANALYZER_NUMBER_OBJECT_CONVERSION = YES_AGGRESSIVE;
				CLANG_CXX_LANGUAGE_STANDARD = "gnu++20";
				CLANG_ENABLE_MODULES = YES;
				CLANG_ENABLE_OBJC_ARC = YES;
				CLANG_ENABLE_OBJC_WEAK = YES;
				CLANG_WARN_BLOCK_CAPTURE_AUTORELEASING = YES;
				CLANG_WARN_BOOL_CONVERSION = YES;
				CLANG_WARN_COMMA = YES;
				CLANG_WARN_CONSTANT_CONVERSION = YES;
				CLANG_WARN_DEPRECATED_OBJC_IMPLEMENTATIONS = YES;
				CLANG_WARN_DIRECT_OBJC_ISA_USAGE = YES_ERROR;
				CLANG_WARN_DOCUMENTATION_COMMENTS = YES;
				CLANG_WARN_EMPTY_BODY = YES;
				CLANG_WARN_ENUM_CONVERSION = YES;
				CLANG_WARN_INFINITE_RECURSION = YES;
				CLANG_WARN_INT_CONVERSION = YES;
				CLANG_WARN_NON_LITERAL_NULL_CONVERSION = YES;
				CLANG_WARN_OBJC_IMPLICIT_RETAIN_SELF = YES;
				CLANG_WARN_OBJC_LITERAL_CONVERSION = YES;
				CLANG_WARN_OBJC_ROOT_CLASS = YES_ERROR;
				CLANG_WARN_QUOTED_INCLUDE_IN_FRAMEWORK_HEADER = YES;
				CLANG_WARN_RANGE_LOOP_ANALYSIS = YES;
				CLANG_WARN_STRICT_PROTOTYPES = YES;
				CLANG_WARN_SUSPICIOUS_MOVE = YES;
				CLANG_WARN_UNGUARDED_AVAILABILITY = YES_AGGRESSIVE;
				CLANG_WARN_UNREACHABLE_CODE = YES;
				CLANG_WARN__DUPLICATE_METHOD_MATCH = YES;
				COPY_PHASE_STRIP = NO;
				DEBUG_INFORMATION_FORMAT = dwarf;
				ENABLE_STRICT_OBJC_MSGSEND = YES;
				ENABLE_TESTABILITY = YES;
				ENABLE_USER_SCRIPT_SANDBOXING = YES;
				GCC_C_LANGUAGE_STANDARD = gnu17;
				GCC_DYNAMIC_NO_PIC = NO;
				GCC_NO_COMMON_BLOCKS = YES;
				GCC_OPTIMIZATION_LEVEL = 0;
				GCC_PREPROCESSOR_DEFINITIONS = (
					"DEBUG=1",
					"$(inherited)",
				);
				GCC_WARN_64_TO_32_BIT_CONVERSION = YES;
				GCC_WARN_ABOUT_RETURN_TYPE = YES_ERROR;
				GCC_WARN_UNDECLARED_SELECTOR = YES;
				GCC_WARN_UNINITIALIZED_AUTOS = YES_AGGRESSIVE;
				GCC_WARN_UNUSED_FUNCTION = YES;
				GCC_WARN_UNUSED_VARIABLE = YES;
				LOCALIZATION_PREFERS_STRING_CATALOGS = YES;
				MACOSX_DEPLOYMENT_TARGET = 26.3;
				MTL_ENABLE_DEBUG_INFO = INCLUDE_SOURCE;
				MTL_FAST_MATH = YES;
				ONLY_ACTIVE_ARCH = YES;
				SDKROOT = macosx;
			};
			name = Debug;
		};
		29B323802F8129AE000A72FD /* Release */ = {
			isa = XCBuildConfiguration;
			buildSettings = {
				ALWAYS_SEARCH_USER_PATHS = NO;
				ASSETCATALOG_COMPILER_GENERATE_SWIFT_ASSET_SYMBOL_EXTENSIONS = YES;
				CLANG_ANALYZER_NONNULL = YES;
				CLANG_ANALYZER_NUMBER_OBJECT_CONVERSION = YES_AGGRESSIVE;
				CLANG_CXX_LANGUAGE_STANDARD = "gnu++20";
				CLANG_ENABLE_MODULES = YES;
				CLANG_ENABLE_OBJC_ARC = YES;
				CLANG_ENABLE_OBJC_WEAK = YES;
				CLANG_WARN_BLOCK_CAPTURE_AUTORELEASING = YES;
				CLANG_WARN_BOOL_CONVERSION = YES;
				CLANG_WARN_COMMA = YES;
				CLANG_WARN_CONSTANT_CONVERSION = YES;
				CLANG_WARN_DEPRECATED_OBJC_IMPLEMENTATIONS = YES;
				CLANG_WARN_DIRECT_OBJC_ISA_USAGE = YES_ERROR;
				CLANG_WARN_DOCUMENTATION_COMMENTS = YES;
				CLANG_WARN_EMPTY_BODY = YES;
				CLANG_WARN_ENUM_CONVERSION = YES;
				CLANG_WARN_INFINITE_RECURSION = YES;
				CLANG_WARN_INT_CONVERSION = YES;
				CLANG_WARN_NON_LITERAL_NULL_CONVERSION = YES;
				CLANG_WARN_OBJC_IMPLICIT_RETAIN_SELF = YES;
				CLANG_WARN_OBJC_LITERAL_CONVERSION = YES;
				CLANG_WARN_OBJC_ROOT_CLASS = YES_ERROR;
				CLANG_WARN_QUOTED_INCLUDE_IN_FRAMEWORK_HEADER = YES;
				CLANG_WARN_RANGE_LOOP_ANALYSIS = YES;
				CLANG_WARN_STRICT_PROTOTYPES = YES;
				CLANG_WARN_SUSPICIOUS_MOVE = YES;
				CLANG_WARN_UNGUARDED_AVAILABILITY = YES_AGGRESSIVE;
				CLANG_WARN_UNREACHABLE_CODE = YES;
				CLANG_WARN__DUPLICATE_METHOD_MATCH = YES;
				COPY_PHASE_STRIP = NO;
				DEBUG_INFORMATION_FORMAT = "dwarf-with-dsym";
				ENABLE_NS_ASSERTIONS = NO;
				ENABLE_STRICT_OBJC_MSGSEND = YES;
				ENABLE_USER_SCRIPT_SANDBOXING = YES;
				GCC_C_LANGUAGE_STANDARD = gnu17;
				GCC_NO_COMMON_BLOCKS = YES;
				GCC_WARN_64_TO_32_BIT_CONVERSION = YES;
				GCC_WARN_ABOUT_RETURN_TYPE = YES_ERROR;
				GCC_WARN_UNDECLARED_SELECTOR = YES;
				GCC_WARN_UNINITIALIZED_AUTOS = YES_AGGRESSIVE;
				GCC_WARN_UNUSED_FUNCTION = YES;
				GCC_WARN_UNUSED_VARIABLE = YES;
				LOCALIZATION_PREFERS_STRING_CATALOGS = YES;
				MACOSX_DEPLOYMENT_TARGET = 26.3;
				MTL_ENABLE_DEBUG_INFO = NO;
				MTL_FAST_MATH = YES;
				SDKROOT = macosx;
			};
			name = Release;
		};
		29B323822F8129AE000A72FD /* Debug */ = {
			isa = XCBuildConfiguration;
			buildSettings = {
				CODE_SIGN_STYLE = Automatic;
				"HEADER_SEARCH_PATHS[arch=*]" = /opt/homebrew/opt/sfml/include;
				LIBRARY_SEARCH_PATHS = (
					"$(inherited)",
					/opt/homebrew/Cellar/sfml/3.0.2/lib,
					"$(PROJECT_DIR)/Homeworksfml/build/_deps/sfml-build/lib",
				);
				PRODUCT_NAME = "$(TARGET_NAME)";
			};
			name = Debug;
		};
		29B323832F8129AE000A72FD /* Release */ = {
			isa = XCBuildConfiguration;
			buildSettings = {
				CODE_SIGN_STYLE = Automatic;
				"HEADER_SEARCH_PATHS[arch=*]" = /opt/homebrew/opt/sfml/lib;
				LIBRARY_SEARCH_PATHS = (
					"$(inherited)",
					/opt/homebrew/Cellar/sfml/3.0.2/lib,
					"$(PROJECT_DIR)/Homeworksfml/build/_deps/sfml-build/lib",
				);
				PRODUCT_NAME = "$(TARGET_NAME)";
			};
			name = Release;
		};
/* End XCBuildConfiguration section */

/* Begin XCConfigurationList section */
		29B323752F8129AE000A72FD /* Build configuration list for PBXProject "Homeworksfml" */ = {
			isa = XCConfigurationList;
			buildConfigurations = (
				29B3237F2F8129AE000A72FD /* Debug */,
				29B323802F8129AE000A72FD /* Release */,
			);
			defaultConfigurationIsVisible = 0;
			defaultConfigurationName = Release;
		};
		29B323812F8129AE000A72FD /* Build configuration list for PBXNativeTarget "Homeworksfml" */ = {
			isa = XCConfigurationList;
			buildConfigurations = (
				29B323822F8129AE000A72FD /* Debug */,
				29B323832F8129AE000A72FD /* Release */,
			);
			defaultConfigurationIsVisible = 0;
			defaultConfigurationName = Release;
		};
/* End XCConfigurationList section */
	};
	rootObject = 29B323722F8129AE000A72FD /* Project object */;
}
